# This file was autogenerated by uv via the following command:
#    uv pip compile requirements.txt -o uv.lock
annotated-types==0.7.0
    # via
    #   -r requirements.txt
    #   pydantic
anyio==4.9.0
    # via
    #   -r requirements.txt
    #   httpx
apscheduler==3.11.0
    # via -r requirements.txt
asgiref==3.8.1
    # via
    #   -r requirements.txt
    #   django
    #   django-cors-headers
    #   opentelemetry-instrumentation-asgi
attrs==25.3.0
    # via
    #   -r requirements.txt
    #   zeep
babel==2.17.0
    # via -r requirements.txt
certifi==2025.1.31
    # via
    #   -r requirements.txt
    #   httpcore
    #   httpx
    #   requests
    #   sentry-sdk
charset-normalizer==3.4.1
    # via
    #   -r requirements.txt
    #   requests
click==8.1.8
    # via
    #   -r requirements.txt
    #   uvicorn
coverage==7.8.0
    # via -r requirements.txt
deprecated==1.2.18
    # via
    #   -r requirements.txt
    #   opentelemetry-api
    #   opentelemetry-exporter-otlp-proto-http
    #   opentelemetry-semantic-conventions
django==5.2
    # via
    #   -r requirements.txt
    #   django-cors-headers
    #   django-ninja
django-cors-headers==4.7.0
    # via -r requirements.txt
django-environ==0.12.0
    # via -r requirements.txt
django-ninja==1.4.0
    # via -r requirements.txt
dpath==2.2.0
    # via -r requirements.txt
executing==2.2.0
    # via
    #   -r requirements.txt
    #   logfire
googleapis-common-protos==1.69.2
    # via
    #   -r requirements.txt
    #   opentelemetry-exporter-otlp-proto-http
gunicorn==23.0.0
    # via -r requirements.txt
h11==0.14.0
    # via
    #   -r requirements.txt
    #   httpcore
    #   uvicorn
httpcore==1.0.7
    # via
    #   -r requirements.txt
    #   httpx
httpx==0.27.2
    # via -r requirements.txt
idna==3.10
    # via
    #   -r requirements.txt
    #   anyio
    #   httpx
    #   requests
importlib-metadata==8.6.1
    # via
    #   -r requirements.txt
    #   opentelemetry-api
isodate==0.7.2
    # via
    #   -r requirements.txt
    #   zeep
logfire==3.14.0
    # via -r requirements.txt
lxml==5.3.2
    # via
    #   -r requirements.txt
    #   zeep
markdown-it-py==3.0.0
    # via
    #   -r requirements.txt
    #   rich
mdurl==0.1.2
    # via
    #   -r requirements.txt
    #   markdown-it-py
opentelemetry-api==1.32.0
    # via
    #   -r requirements.txt
    #   opentelemetry-exporter-otlp-proto-http
    #   opentelemetry-instrumentation
    #   opentelemetry-instrumentation-asgi
    #   opentelemetry-instrumentation-celery
    #   opentelemetry-instrumentation-dbapi
    #   opentelemetry-instrumentation-django
    #   opentelemetry-instrumentation-httpx
    #   opentelemetry-instrumentation-psycopg
    #   opentelemetry-instrumentation-wsgi
    #   opentelemetry-sdk
    #   opentelemetry-semantic-conventions
opentelemetry-exporter-otlp-proto-common==1.32.0
    # via
    #   -r requirements.txt
    #   opentelemetry-exporter-otlp-proto-http
opentelemetry-exporter-otlp-proto-http==1.32.0
    # via
    #   -r requirements.txt
    #   logfire
opentelemetry-instrumentation==0.53b0
    # via
    #   -r requirements.txt
    #   logfire
    #   opentelemetry-instrumentation-asgi
    #   opentelemetry-instrumentation-celery
    #   opentelemetry-instrumentation-dbapi
    #   opentelemetry-instrumentation-django
    #   opentelemetry-instrumentation-httpx
    #   opentelemetry-instrumentation-psycopg
    #   opentelemetry-instrumentation-wsgi
opentelemetry-instrumentation-asgi==0.53b0
    # via -r requirements.txt
opentelemetry-instrumentation-celery==0.53b0
    # via -r requirements.txt
opentelemetry-instrumentation-dbapi==0.53b0
    # via
    #   -r requirements.txt
    #   opentelemetry-instrumentation-psycopg
opentelemetry-instrumentation-django==0.53b0
    # via -r requirements.txt
opentelemetry-instrumentation-httpx==0.53b0
    # via -r requirements.txt
opentelemetry-instrumentation-psycopg==0.53b0
    # via -r requirements.txt
opentelemetry-instrumentation-wsgi==0.53b0
    # via
    #   -r requirements.txt
    #   opentelemetry-instrumentation-django
opentelemetry-proto==1.32.0
    # via
    #   -r requirements.txt
    #   opentelemetry-exporter-otlp-proto-common
    #   opentelemetry-exporter-otlp-proto-http
opentelemetry-sdk==1.32.0
    # via
    #   -r requirements.txt
    #   logfire
    #   opentelemetry-exporter-otlp-proto-http
opentelemetry-semantic-conventions==0.53b0
    # via
    #   -r requirements.txt
    #   opentelemetry-instrumentation
    #   opentelemetry-instrumentation-asgi
    #   opentelemetry-instrumentation-celery
    #   opentelemetry-instrumentation-dbapi
    #   opentelemetry-instrumentation-django
    #   opentelemetry-instrumentation-httpx
    #   opentelemetry-instrumentation-wsgi
    #   opentelemetry-sdk
opentelemetry-util-http==0.53b0
    # via
    #   -r requirements.txt
    #   opentelemetry-instrumentation-asgi
    #   opentelemetry-instrumentation-django
    #   opentelemetry-instrumentation-httpx
    #   opentelemetry-instrumentation-wsgi
packaging==24.2
    # via
    #   -r requirements.txt
    #   gunicorn
    #   opentelemetry-instrumentation
pendulum==3.0.0
    # via -r requirements.txt
platformdirs==4.3.7
    # via
    #   -r requirements.txt
    #   zeep
protobuf==5.29.4
    # via
    #   -r requirements.txt
    #   googleapis-common-protos
    #   logfire
    #   opentelemetry-proto
pycountry==24.6.1
    # via
    #   -r requirements.txt
    #   schwifty
pydantic==2.11.2
    # via
    #   -r requirements.txt
    #   django-ninja
pydantic-core==2.33.1
    # via
    #   -r requirements.txt
    #   pydantic
pygments==2.19.1
    # via
    #   -r requirements.txt
    #   rich
python-dateutil==2.9.0.post0
    # via
    #   -r requirements.txt
    #   pendulum
    #   time-machine
pytz==2025.2
    # via
    #   -r requirements.txt
    #   zeep
requests==2.32.3
    # via
    #   -r requirements.txt
    #   opentelemetry-exporter-otlp-proto-http
    #   requests-file
    #   requests-toolbelt
    #   zeep
requests-file==2.1.0
    # via
    #   -r requirements.txt
    #   zeep
requests-toolbelt==1.0.0
    # via
    #   -r requirements.txt
    #   zeep
rich==14.0.0
    # via
    #   -r requirements.txt
    #   logfire
rstr==3.2.2
    # via
    #   -r requirements.txt
    #   schwifty
schwifty==2025.1.0
    # via -r requirements.txt
sentry-sdk==2.25.1
    # via -r requirements.txt
six==1.17.0
    # via
    #   -r requirements.txt
    #   python-dateutil
sniffio==1.3.1
    # via
    #   -r requirements.txt
    #   anyio
    #   httpx
sqlparse==0.5.3
    # via
    #   -r requirements.txt
    #   django
time-machine==2.16.0
    # via
    #   -r requirements.txt
    #   pendulum
typing-extensions==4.13.1
    # via
    #   -r requirements.txt
    #   logfire
    #   opentelemetry-sdk
    #   pydantic
    #   pydantic-core
    #   typing-inspection
typing-inspection==0.4.0
    # via
    #   -r requirements.txt
    #   pydantic
tzdata==2025.2
    # via
    #   -r requirements.txt
    #   pendulum
tzlocal==5.3.1
    # via
    #   -r requirements.txt
    #   apscheduler
urllib3==2.3.0
    # via
    #   -r requirements.txt
    #   requests
    #   sentry-sdk
uvicorn==0.34.0
    # via -r requirements.txt
wrapt==1.17.2
    # via
    #   -r requirements.txt
    #   deprecated
    #   opentelemetry-instrumentation
    #   opentelemetry-instrumentation-dbapi
    #   opentelemetry-instrumentation-httpx
zeep==4.3.1
    # via -r requirements.txt
zipp==3.21.0
    # via
    #   -r requirements.txt
    #   importlib-metadata
